# This file is automatically @generated by Veryl.
# It is not intended for manual editing.
version = 1

[[projects]]
name = "gndless_fixedpoint"
dependencies = []

[projects.source]
uuid = "7fc54e88-b2be-5497-95d3-f92b5b3f7e10"
url = "https://github.com/AkiyukiOkayasu/gndless-fixedpoint-veryl"
path = ""
project = "gndless_fixedpoint"
version = "0.2.1"
revision = "c7a299503d812dee586fefb5587d02acca70e047"

[projects.properties]
